// !$*UTF8*$!
{
	archiveVersion = 1;
	classes = {
	};
	objectVersion = 50;
	objects = {

/* Begin PBXBuildFile section */
		C7D0B17224A37AF700702EE1 /* AppDelegate.swift in Sources */ = {isa = PBXBuildFile; fileRef = C7D0B17124A37AF700702EE1 /* AppDelegate.swift */; };
		C7D0B17424A37AF700702EE1 /* SceneDelegate.swift in Sources */ = {isa = PBXBuildFile; fileRef = C7D0B17324A37AF700702EE1 /* SceneDelegate.swift */; };
		C7D0B17624A37AF700702EE1 /* ViewController.swift in Sources */ = {isa = PBXBuildFile; fileRef = C7D0B17524A37AF700702EE1 /* ViewController.swift */; };
		C7D0B17924A37AF700702EE1 /* Main.storyboard in Resources */ = {isa = PBXBuildFile; fileRef = C7D0B17724A37AF700702EE1 /* Main.storyboard */; };
		C7D0B17B24A37AFB00702EE1 /* Assets.xcassets in Resources */ = {isa = PBXBuildFile; fileRef = C7D0B17A24A37AFB00702EE1 /* Assets.xcassets */; };
		C7D0B17E24A37AFB00702EE1 /* LaunchScreen.storyboard in Resources */ = {isa = PBXBuildFile; fileRef = C7D0B17C24A37AFB00702EE1 /* LaunchScreen.storyboard */; };
		C7D0B18624A382FB00702EE1 /* download.png in Resources */ = {isa = PBXBuildFile; fileRef = C7D0B18524A382FB00702EE1 /* download.png */; };
/* End PBXBuildFile section */

/* Begin PBXFileReference section */
		C7D0B16E24A37AF700702EE1 /* JasonCVSwift.app */ = {isa = PBXFileReference; explicitFileType = wrapper.application; includeInIndex = 0; path = JasonCVSwift.app; sourceTree = BUILT_PRODUCTS_DIR; };
		C7D0B17124A37AF700702EE1 /* AppDelegate.swift */ = {isa = PBXFileReference; lastKnownFileType = sourcecode.swift; path = AppDelegate.swift; sourceTree = "<group>"; };
		C7D0B17324A37AF700702EE1 /* SceneDelegate.swift */ = {isa = PBXFileReference; lastKnownFileType = sourcecode.swift; path = SceneDelegate.swift; sourceTree = "<group>"; };
		C7D0B17524A37AF700702EE1 /* ViewController.swift */ = {isa = PBXFileReference; lastKnownFileType = sourcecode.swift; path = ViewController.swift; sourceTree = "<group>"; };
		C7D0B17824A37AF700702EE1 /* Base */ = {isa = PBXFileReference; lastKnownFileType = file.storyboard; name = Base; path = Base.lproj/Main.storyboard; sourceTree = "<group>"; };
		C7D0B17A24A37AFB00702EE1 /* Assets.xcassets */ = {isa = PBXFileReference; lastKnownFileType = folder.assetcatalog; path = Assets.xcassets; sourceTree = "<group>"; };
		C7D0B17D24A37AFB00702EE1 /* Base */ = {isa = PBXFileReference; lastKnownFileType = file.storyboard; name = Base; path = Base.lproj/LaunchScreen.storyboard; sourceTree = "<group>"; };
		C7D0B17F24A37AFB00702EE1 /* Info.plist */ = {isa = PBXFileReference; lastKnownFileType = text.plist.xml; path = Info.plist; sourceTree = "<group>"; };
		C7D0B18524A382FB00702EE1 /* download.png */ = {isa = PBXFileReference; lastKnownFileType = image.png; name = download.png; path = Assets.xcassets/download.png; sourceTree = "<group>"; };
/* End PBXFileReference section */

/* Begin PBXFrameworksBuildPhase section */
		C7D0B16B24A37AF700702EE1 /* Frameworks */ = {
			isa = PBXFrameworksBuildPhase;
			buildActionMask = 2147483647;
			files = (
			);
			runOnlyForDeploymentPostprocessing = 0;
		};
/* End PBXFrameworksBuildPhase section */

/* Begin PBXGroup section */
		C7D0B16524A37AF700702EE1 = {
			isa = PBXGroup;
			children = (
				C7D0B17024A37AF700702EE1 /* JasonCVSwift */,
				C7D0B16F24A37AF700702EE1 /* Products */,
			);
			sourceTree = "<group>";
		};
		C7D0B16F24A37AF700702EE1 /* Products */ = {
			isa = PBXGroup;
			children = (
				C7D0B16E24A37AF700702EE1 /* JasonCVSwift.app */,
			);
			name = Products;
			sourceTree = "<group>";
		};
		C7D0B17024A37AF700702EE1 /* JasonCVSwift */ = {
			isa = PBXGroup;
			children = (
				C7D0B17124A37AF700702EE1 /* AppDelegate.swift */,
				C7D0B17324A37AF700702EE1 /* SceneDelegate.swift */,
				C7D0B17524A37AF700702EE1 /* ViewController.swift */,
				C7D0B17724A37AF700702EE1 /* Main.storyboard */,
				C7D0B17A24A37AFB00702EE1 /* Assets.xcassets */,
				C7D0B18524A382FB00702EE1 /* download.png */,
				C7D0B17C24A37AFB00702EE1 /* LaunchScreen.storyboard */,
				C7D0B17F24A37AFB00702EE1 /* Info.plist */,
			);
			path = JasonCVSwift;
			sourceTree = "<group>";
		};
/* End PBXGroup section */

/* Begin PBXNativeTarget section */
		C7D0B16D24A37AF700702EE1 /* JasonCVSwift */ = {
			isa = PBXNativeTarget;
			buildConfigurationList = C7D0B18224A37AFB00702EE1 /* Build configuration list for PBXNativeTarget "JasonCVSwift" */;
			buildPhases = (
				C7D0B16A24A37AF700702EE1 /* Sources */,
				C7D0B16B24A37AF700702EE1 /* Frameworks */,
				C7D0B16C24A37AF700702EE1 /* Resources */,
			);
			buildRules = (
			);
			dependencies = (
			);
			name = JasonCVSwift;
			productName = JasonCVSwift;
			productReference = C7D0B16E24A37AF700702EE1 /* JasonCVSwift.app */;
			productType = "com.apple.product-type.application";
		};
/* End PBXNativeTarget section */

/* Begin PBXProject section */
		C7D0B16624A37AF700702EE1 /* Project object */ = {
			isa = PBXProject;
			attributes = {
				LastSwiftUpdateCheck = 1150;
				LastUpgradeCheck = 1150;
				ORGANIZATIONNAME = Jason;
				TargetAttributes = {
					C7D0B16D24A37AF700702EE1 = {
						CreatedOnToolsVersion = 11.5;
					};
				};
			};
			buildConfigurationList = C7D0B16924A37AF700702EE1 /* Build configuration list for PBXProject "JasonCVSwift" */;
			compatibilityVersion = "Xcode 9.3";
			developmentRegion = en;
			hasScannedForEncodings = 0;
			knownRegions = (
				en,
				Base,
			);
			mainGroup = C7D0B16524A37AF700702EE1;
			productRefGroup = C7D0B16F24A37AF700702EE1 /* Products */;
			projectDirPath = "";
			projectRoot = "";
			targets = (
				C7D0B16D24A37AF700702EE1 /* JasonCVSwift */,
			);
		};
/* End PBXProject section */

/* Begin PBXResourcesBuildPhase section */
		C7D0B16C24A37AF700702EE1 /* Resources */ = {
			isa = PBXResourcesBuildPhase;
			buildActionMask = 2147483647;
			files = (
				C7D0B17E24A37AFB00702EE1 /* LaunchScreen.storyboard in Resources */,
				C7D0B17B24A37AFB00702EE1 /* Assets.xcassets in Resources */,
				C7D0B17924A37AF700702EE1 /* Main.storyboard in Resources */,
				C7D0B18624A382FB00702EE1 /* download.png in Resources */,
			);
			runOnlyForDeploymentPostprocessing = 0;
		};
/* End PBXResourcesBuildPhase section */

/* Begin PBXSourcesBuildPhase section */
		C7D0B16A24A37AF700702EE1 /* Sources */ = {
			isa = PBXSourcesBuildPhase;
			buildActionMask = 2147483647;
			files = (
				C7D0B17624A37AF700702EE1 /* ViewController.swift in Sources */,
				C7D0B17224A37AF700702EE1 /* AppDelegate.swift in Sources */,
				C7D0B17424A37AF700702EE1 /* SceneDelegate.swift in Sources */,
			);
			runOnlyForDeploymentPostprocessing = 0;
		};
/* End PBXSourcesBuildPhase section */

/* Begin PBXVariantGroup section */
		C7D0B17724A37AF700702EE1 /* Main.storyboard */ = {
			isa = PBXVariantGroup;
			children = (
				C7D0B17824A37AF700702EE1 /* Base */,
			);
			name = Main.storyboard;
			sourceTree = "<group>";
		};
		C7D0B17C24A37AFB00702EE1 /* LaunchScreen.storyboard */ = {
			isa = PBXVariantGroup;
			children = (
				C7D0B17D24A37AFB00702EE1 /* Base */,
			);
			name = LaunchScreen.storyboard;
			sourceTree = "<group>";
		};
/* End PBXVariantGroup section */

/* Begin XCBuildConfiguration section */
		C7D0B18024A37AFB00702EE1 /* Debug */ = {
			isa = XCBuildConfiguration;
			buildSettings = {
				ALWAYS_SEARCH_USER_PATHS = NO;
				CLANG_ANALYZER_NONNULL = YES;
				CLANG_ANALYZER_NUMBER_OBJECT_CONVERSION = YES_AGGRESSIVE;
				CLANG_CXX_LANGUAGE_STANDARD = "gnu++14";
				CLANG_CXX_LIBRARY = "libc++";
				CLANG_ENABLE_MODULES = YES;
				CLANG_ENABLE_OBJC_ARC = YES;
				CLANG_ENABLE_OBJC_WEAK = YES;
				CLANG_WARN_BLOCK_CAPTURE_AUTORELEASING = YES;
				CLANG_WARN_BOOL_CONVERSION = YES;
				CLANG_WARN_COMMA = YES;
				CLANG_WARN_CONSTANT_CONVERSION = YES;
				CLANG_WARN_DEPRECATED_OBJC_IMPLEMENTATIONS = YES;
				CLANG_WARN_DIRECT_OBJC_ISA_USAGE = YES_ERROR;
				CLANG_WARN_DOCUMENTATION_COMMENTS = YES;
				CLANG_WARN_EMPTY_BODY = YES;
				CLANG_WARN_ENUM_CONVERSION = YES;
				CLANG_WARN_INFINITE_RECURSION = YES;
				CLANG_WARN_INT_CONVERSION = YES;
				CLANG_WARN_NON_LITERAL_NULL_CONVERSION = YES;
				CLANG_WARN_OBJC_IMPLICIT_RETAIN_SELF = YES;
				CLANG_WARN_OBJC_LITERAL_CONVERSION = YES;
				CLANG_WARN_OBJC_ROOT_CLASS = YES_ERROR;
				CLANG_WARN_RANGE_LOOP_ANALYSIS = YES;
				CLANG_WARN_STRICT_PROTOTYPES = YES;
				CLANG_WARN_SUSPICIOUS_MOVE = YES;
				CLANG_WARN_UNGUARDED_AVAILABILITY = YES_AGGRESSIVE;
				CLANG_WARN_UNREACHABLE_CODE = YES;
				CLANG_WARN__DUPLICATE_METHOD_MATCH = YES;
				COPY_PHASE_STRIP = NO;
				DEBUG_INFORMATION_FORMAT = dwarf;
				ENABLE_STRICT_OBJC_MSGSEND = YES;
				ENABLE_TESTABILITY = YES;
				GCC_C_LANGUAGE_STANDARD = gnu11;
				GCC_DYNAMIC_NO_PIC = NO;
				GCC_NO_COMMON_BLOCKS = YES;
				GCC_OPTIMIZATION_LEVEL = 0;
				GCC_PREPROCESSOR_DEFINITIONS = (
					"DEBUG=1",
					"$(inherited)",
				);
				GCC_WARN_64_TO_32_BIT_CONVERSION = YES;
				GCC_WARN_ABOUT_RETURN_TYPE = YES_ERROR;
				GCC_WARN_UNDECLARED_SELECTOR = YES;
				GCC_WARN_UNINITIALIZED_AUTOS = YES_AGGRESSIVE;
				GCC_WARN_UNUSED_FUNCTION = YES;
				GCC_WARN_UNUSED_VARIABLE = YES;
				IPHONEOS_DEPLOYMENT_TARGET = 13.5;
				MTL_ENABLE_DEBUG_INFO = INCLUDE_SOURCE;
				MTL_FAST_MATH = YES;
				ONLY_ACTIVE_ARCH = YES;
				SDKROOT = iphoneos;
				SWIFT_ACTIVE_COMPILATION_CONDITIONS = DEBUG;
				SWIFT_OPTIMIZATION_LEVEL = "-Onone";
			};
			name = Debug;
		};
		C7D0B18124A37AFB00702EE1 /* Release */ = {
			isa = XCBuildConfiguration;
			buildSettings = {
				ALWAYS_SEARCH_USER_PATHS = NO;
				CLANG_ANALYZER_NONNULL = YES;
				CLANG_ANALYZER_NUMBER_OBJECT_CONVERSION = YES_AGGRESSIVE;
				CLANG_CXX_LANGUAGE_STANDARD = "gnu++14";
				CLANG_CXX_LIBRARY = "libc++";
				CLANG_ENABLE_MODULES = YES;
				CLANG_ENABLE_OBJC_ARC = YES;
				CLANG_ENABLE_OBJC_WEAK = YES;
				CLANG_WARN_BLOCK_CAPTURE_AUTORELEASING = YES;
				CLANG_WARN_BOOL_CONVERSION = YES;
				CLANG_WARN_COMMA = YES;
				CLANG_WARN_CONSTANT_CONVERSION = YES;
				CLANG_WARN_DEPRECATED_OBJC_IMPLEMENTATIONS = YES;
				CLANG_WARN_DIRECT_OBJC_ISA_USAGE = YES_ERROR;
				CLANG_WARN_DOCUMENTATION_COMMENTS = YES;
				CLANG_WARN_EMPTY_BODY = YES;
				CLANG_WARN_ENUM_CONVERSION = YES;
				CLANG_WARN_INFINITE_RECURSION = YES;
				CLANG_WARN_INT_CONVERSION = YES;
				CLANG_WARN_NON_LITERAL_NULL_CONVERSION = YES;
				CLANG_WARN_OBJC_IMPLICIT_RETAIN_SELF = YES;
				CLANG_WARN_OBJC_LITERAL_CONVERSION = YES;
				CLANG_WARN_OBJC_ROOT_CLASS = YES_ERROR;
				CLANG_WARN_RANGE_LOOP_ANALYSIS = YES;
				CLANG_WARN_STRICT_PROTOTYPES = YES;
				CLANG_WARN_SUSPICIOUS_MOVE = YES;
				CLANG_WARN_UNGUARDED_AVAILABILITY = YES_AGGRESSIVE;
				CLANG_WARN_UNREACHABLE_CODE = YES;
				CLANG_WARN__DUPLICATE_METHOD_MATCH = YES;
				COPY_PHASE_STRIP = NO;
				DEBUG_INFORMATION_FORMAT = "dwarf-with-dsym";
				ENABLE_NS_ASSERTIONS = NO;
				ENABLE_STRICT_OBJC_MSGSEND = YES;
				GCC_C_LANGUAGE_STANDARD = gnu11;
				GCC_NO_COMMON_BLOCKS = YES;
				GCC_WARN_64_TO_32_BIT_CONVERSION = YES;
				GCC_WARN_ABOUT_RETURN_TYPE = YES_ERROR;
				GCC_WARN_UNDECLARED_SELECTOR = YES;
				GCC_WARN_UNINITIALIZED_AUTOS = YES_AGGRESSIVE;
				GCC_WARN_UNUSED_FUNCTION = YES;
				GCC_WARN_UNUSED_VARIABLE = YES;
				IPHONEOS_DEPLOYMENT_TARGET = 13.5;
				MTL_ENABLE_DEBUG_INFO = NO;
				MTL_FAST_MATH = YES;
				SDKROOT = iphoneos;
				SWIFT_COMPILATION_MODE = wholemodule;
				SWIFT_OPTIMIZATION_LEVEL = "-O";
				VALIDATE_PRODUCT = YES;
			};
			name = Release;
		};
		C7D0B18324A37AFB00702EE1 /* Debug */ = {
			isa = XCBuildConfiguration;
			buildSettings = {
				ASSETCATALOG_COMPILER_APPICON_NAME = AppIcon;
				CODE_SIGN_STYLE = Automatic;
				DEVELOPMENT_TEAM = EK9JW3DLX6;
				INFOPLIST_FILE = JasonCVSwift/Info.plist;
				LD_RUNPATH_SEARCH_PATHS = (
					"$(inherited)",
					"@executable_path/Frameworks",
				);
				PRODUCT_BUNDLE_IDENTIFIER = com.jason.JasonCVSwift;
				PRODUCT_NAME = "$(TARGET_NAME)";
				SWIFT_VERSION = 5.0;
				TARGETED_DEVICE_FAMILY = "1,2";
			};
			name = Debug;
		};
		C7D0B18424A37AFB00702EE1 /* Release */ = {
			isa = XCBuildConfiguration;
			buildSettings = {
				ASSETCATALOG_COMPILER_APPICON_NAME = AppIcon;
				CODE_SIGN_STYLE = Automatic;
				DEVELOPMENT_TEAM = EK9JW3DLX6;
				INFOPLIST_FILE = JasonCVSwift/Info.plist;
				LD_RUNPATH_SEARCH_PATHS = (
					"$(inherited)",
					"@executable_path/Frameworks",
				);
				PRODUCT_BUNDLE_IDENTIFIER = com.jason.JasonCVSwift;
				PRODUCT_NAME = "$(TARGET_NAME)";
				SWIFT_VERSION = 5.0;
				TARGETED_DEVICE_FAMILY = "1,2";
			};
			name = Release;
		};
/* End XCBuildConfiguration section */

/* Begin XCConfigurationList section */
		C7D0B16924A37AF700702EE1 /* Build configuration list for PBXProject "JasonCVSwift" */ = {
			isa = XCConfigurationList;
			buildConfigurations = (
				C7D0B18024A37AFB00702EE1 /* Debug */,
				C7D0B18124A37AFB00702EE1 /* Release */,
			);
			defaultConfigurationIsVisible = 0;
			defaultConfigurationName = Release;
		};
		C7D0B18224A37AFB00702EE1 /* Build configuration list for PBXNativeTarget "JasonCVSwift" */ = {
			isa = XCConfigurationList;
			buildConfigurations = (
				C7D0B18324A37AFB00702EE1 /* Debug */,
				C7D0B18424A37AFB00702EE1 /* Release */,
			);
			defaultConfigurationIsVisible = 0;
			defaultConfigurationName = Release;
		};
/* End XCConfigurationList section */
	};
	rootObject = C7D0B16624A37AF700702EE1 /* Project object */;
}
